
Microsoft Visual Studio Solution File, Format Version 12.00
# Visual Studio Version 16
VisualStudioVersion = 16.0.31402.337
MinimumVisualStudioVersion = 10.0.40219.1
Project("{8BC9CEB8-8B4A-11D0-8D11-00A0C91BC942}") = "Project1", "Project1\Project1.vcxproj", "{D1EF5662-6ED3-47F0-81CF-A3CAFDC02213}"
EndProject
Global
	GlobalSection(SolutionConfigurationPlatforms) = preSolution
		Debug|x64 = Debug|x64
		Debug|x86 = Debug|x86
		Release|x64 = Release|x64
		Release|x86 = Release|x86
	EndGlobalSection
	GlobalSection(ProjectConfigurationPlatforms) = postSolution
		{D1EF5662-6ED3-47F0-81CF-A3CAFDC02213}.Debug|x64.ActiveCfg = Debug|x64
		{D1EF5662-6ED3-47F0-81CF-A3CAFDC02213}.Debug|x64.Build.0 = Debug|x64
		{D1EF5662-6ED3-47F0-81CF-A3CAFDC02213}.Debug|x86.ActiveCfg = Debug|Win32
		{D1EF5662-6ED3-47F0-81CF-A3CAFDC02213}.Debug|x86.Build.0 = Debug|Win32
		{D1EF5662-6ED3-47F0-81CF-A3CAFDC02213}.Release|x64.ActiveCfg = Release|x64
		{D1EF5662-6ED3-47F0-81CF-A3CAFDC02213}.Release|x64.Build.0 = Release|x64
		{D1EF5662-6ED3-47F0-81CF-A3CAFDC02213}.Release|x86.ActiveCfg = Release|Win32
		{D1EF5662-6ED3-47F0-81CF-A3CAFDC02213}.Release|x86.Build.0 = Release|Win32
	EndGlobalSection
	GlobalSection(SolutionProperties) = preSolution
		HideSolutionNode = FALSE
	EndGlobalSection
	GlobalSection(ExtensibilityGlobals) = postSolution
		SolutionGuid = {06C450BD-A459-4D1E-B1A4-B0D51D7491A8}
	EndGlobalSection
EndGlobal
